
Microsoft Visual Studio Solution File, Format Version 12.00
# Visual Studio Version 17
VisualStudioVersion = 17.0.31903.59
MinimumVisualStudioVersion = 10.0.40219.1
Project("{2150E333-8FDC-42A3-9474-1A3956D46DE8}") = "Modules", "Modules", "{8800F10E-91CB-40A5-A112-366174C3235F}"
EndProject
Project("{2150E333-8FDC-42A3-9474-1A3956D46DE8}") = "Ordering", "Ordering", "{A5DAFE80-ACA1-4B4E-9DDE-D32A144CE4B2}"
EndProject
Project("{2150E333-8FDC-42A3-9474-1A3956D46DE8}") = "Common", "Common", "{370EAD1A-939A-494D-ABF6-8F67B3240A67}"
EndProject
Project("{2150E333-8FDC-42A3-9474-1A3956D46DE8}") = "Applications", "Applications", "{157F325F-0F12-42C3-87E3-16912F54BAAE}"
EndProject
Project("{9A19103F-16F7-4668-BE54-9A1E7A4F7556}") = "Identity.API", "Applications\Identity.API\Identity.API.csproj", "{03D979F6-3C24-4E94-9BD2-DB101AF34BB6}"
EndProject
Project("{9A19103F-16F7-4668-BE54-9A1E7A4F7556}") = "Basket.API", "Applications\Basket.API\Basket.API.csproj", "{39E8F49E-EFB1-43B4-A1CC-55B2F77D6B4F}"
EndProject
Project("{9A19103F-16F7-4668-BE54-9A1E7A4F7556}") = "Ordering.API", "Applications\Ordering.API\Ordering.API.csproj", "{1BAAAD36-382B-4EE9-B741-05B5A9CA833E}"
EndProject
Project("{9A19103F-16F7-4668-BE54-9A1E7A4F7556}") = "Catalog.API", "Applications\Catalog.API\Catalog.API.csproj", "{CD5FEBEA-FDF3-4D6F-88B1-51C8304A7B82}"
EndProject
Project("{9A19103F-16F7-4668-BE54-9A1E7A4F7556}") = "Payment.API", "Applications\Payment.API\Payment.API.csproj", "{A8F78C35-E2C6-403B-A0D4-D0AA3F0BBD63}"
EndProject
Project("{9A19103F-16F7-4668-BE54-9A1E7A4F7556}") = "Services.Common", "Common\Services.Common\Services.Common.csproj", "{767E0EAD-75C9-499F-A086-54852556067B}"
EndProject
Project("{9A19103F-16F7-4668-BE54-9A1E7A4F7556}") = "Ordering.Domain", "Modules\Ordering\Ordering.Domain\Ordering.Domain.csproj", "{C9356E26-9E70-4A00-8590-5F5E3428DE1C}"
EndProject
Project("{9A19103F-16F7-4668-BE54-9A1E7A4F7556}") = "Ordering.Infrastructure", "Modules\Ordering\Ordering.Infrastructure\Ordering.Infrastructure.csproj", "{FD6E3266-D235-48BF-A4F9-A45B7A80B567}"
EndProject
Global
	GlobalSection(SolutionConfigurationPlatforms) = preSolution
		Debug|Any CPU = Debug|Any CPU
		Release|Any CPU = Release|Any CPU
	EndGlobalSection
	GlobalSection(ProjectConfigurationPlatforms) = postSolution
		{03D979F6-3C24-4E94-9BD2-DB101AF34BB6}.Debug|Any CPU.ActiveCfg = Debug|Any CPU
		{03D979F6-3C24-4E94-9BD2-DB101AF34BB6}.Debug|Any CPU.Build.0 = Debug|Any CPU
		{03D979F6-3C24-4E94-9BD2-DB101AF34BB6}.Release|Any CPU.ActiveCfg = Release|Any CPU
		{03D979F6-3C24-4E94-9BD2-DB101AF34BB6}.Release|Any CPU.Build.0 = Release|Any CPU
		{39E8F49E-EFB1-43B4-A1CC-55B2F77D6B4F}.Debug|Any CPU.ActiveCfg = Debug|Any CPU
		{39E8F49E-EFB1-43B4-A1CC-55B2F77D6B4F}.Debug|Any CPU.Build.0 = Debug|Any CPU
		{39E8F49E-EFB1-43B4-A1CC-55B2F77D6B4F}.Release|Any CPU.ActiveCfg = Release|Any CPU
		{39E8F49E-EFB1-43B4-A1CC-55B2F77D6B4F}.Release|Any CPU.Build.0 = Release|Any CPU
		{1BAAAD36-382B-4EE9-B741-05B5A9CA833E}.Debug|Any CPU.ActiveCfg = Debug|Any CPU
		{1BAAAD36-382B-4EE9-B741-05B5A9CA833E}.Debug|Any CPU.Build.0 = Debug|Any CPU
		{1BAAAD36-382B-4EE9-B741-05B5A9CA833E}.Release|Any CPU.ActiveCfg = Release|Any CPU
		{1BAAAD36-382B-4EE9-B741-05B5A9CA833E}.Release|Any CPU.Build.0 = Release|Any CPU
		{CD5FEBEA-FDF3-4D6F-88B1-51C8304A7B82}.Debug|Any CPU.ActiveCfg = Debug|Any CPU
		{CD5FEBEA-FDF3-4D6F-88B1-51C8304A7B82}.Debug|Any CPU.Build.0 = Debug|Any CPU
		{CD5FEBEA-FDF3-4D6F-88B1-51C8304A7B82}.Release|Any CPU.ActiveCfg = Release|Any CPU
		{CD5FEBEA-FDF3-4D6F-88B1-51C8304A7B82}.Release|Any CPU.Build.0 = Release|Any CPU
		{A8F78C35-E2C6-403B-A0D4-D0AA3F0BBD63}.Debug|Any CPU.ActiveCfg = Debug|Any CPU
		{A8F78C35-E2C6-403B-A0D4-D0AA3F0BBD63}.Debug|Any CPU.Build.0 = Debug|Any CPU
		{A8F78C35-E2C6-403B-A0D4-D0AA3F0BBD63}.Release|Any CPU.ActiveCfg = Release|Any CPU
		{A8F78C35-E2C6-403B-A0D4-D0AA3F0BBD63}.Release|Any CPU.Build.0 = Release|Any CPU
		{767E0EAD-75C9-499F-A086-54852556067B}.Debug|Any CPU.ActiveCfg = Debug|Any CPU
		{767E0EAD-75C9-499F-A086-54852556067B}.Debug|Any CPU.Build.0 = Debug|Any CPU
		{767E0EAD-75C9-499F-A086-54852556067B}.Release|Any CPU.ActiveCfg = Release|Any CPU
		{767E0EAD-75C9-499F-A086-54852556067B}.Release|Any CPU.Build.0 = Release|Any CPU
		{C9356E26-9E70-4A00-8590-5F5E3428DE1C}.Debug|Any CPU.ActiveCfg = Debug|Any CPU
		{C9356E26-9E70-4A00-8590-5F5E3428DE1C}.Debug|Any CPU.Build.0 = Debug|Any CPU
		{C9356E26-9E70-4A00-8590-5F5E3428DE1C}.Release|Any CPU.ActiveCfg = Release|Any CPU
		{C9356E26-9E70-4A00-8590-5F5E3428DE1C}.Release|Any CPU.Build.0 = Release|Any CPU
		{FD6E3266-D235-48BF-A4F9-A45B7A80B567}.Debug|Any CPU.ActiveCfg = Debug|Any CPU
		{FD6E3266-D235-48BF-A4F9-A45B7A80B567}.Debug|Any CPU.Build.0 = Debug|Any CPU
		{FD6E3266-D235-48BF-A4F9-A45B7A80B567}.Release|Any CPU.ActiveCfg = Release|Any CPU
		{FD6E3266-D235-48BF-A4F9-A45B7A80B567}.Release|Any CPU.Build.0 = Release|Any CPU
	EndGlobalSection
	GlobalSection(SolutionProperties) = preSolution
		HideSolutionNode = FALSE
	EndGlobalSection
	GlobalSection(NestedProjects) = preSolution
		{A5DAFE80-ACA1-4B4E-9DDE-D32A144CE4B2} = {8800F10E-91CB-40A5-A112-366174C3235F}
		{03D979F6-3C24-4E94-9BD2-DB101AF34BB6} = {157F325F-0F12-42C3-87E3-16912F54BAAE}
		{39E8F49E-EFB1-43B4-A1CC-55B2F77D6B4F} = {157F325F-0F12-42C3-87E3-16912F54BAAE}
		{1BAAAD36-382B-4EE9-B741-05B5A9CA833E} = {157F325F-0F12-42C3-87E3-16912F54BAAE}
		{CD5FEBEA-FDF3-4D6F-88B1-51C8304A7B82} = {157F325F-0F12-42C3-87E3-16912F54BAAE}
		{A8F78C35-E2C6-403B-A0D4-D0AA3F0BBD63} = {157F325F-0F12-42C3-87E3-16912F54BAAE}
		{767E0EAD-75C9-499F-A086-54852556067B} = {370EAD1A-939A-494D-ABF6-8F67B3240A67}
		{C9356E26-9E70-4A00-8590-5F5E3428DE1C} = {A5DAFE80-ACA1-4B4E-9DDE-D32A144CE4B2}
		{FD6E3266-D235-48BF-A4F9-A45B7A80B567} = {A5DAFE80-ACA1-4B4E-9DDE-D32A144CE4B2}
	EndGlobalSection
	GlobalSection(ExtensibilityGlobals) = postSolution
		SolutionGuid = {23AC87F6-9220-4F46-AACF-FB0BE99D6323}
	EndGlobalSection
EndGlobal
